
Microsoft Visual Studio Solution File, Format Version 12.00
# Visual Studio 15
VisualStudioVersion = 15.0.28307.1259
MinimumVisualStudioVersion = 10.0.40219.1
Project("{FAE04EC0-301F-11D3-BF4B-00C04F79EFBC}") = "WebAPI", "WebAPI\WebAPI.csproj", "{381B0B47-66C8-456F-8BA6-73031AE9B0B6}"
EndProject
Global
	GlobalSection(SolutionConfigurationPlatforms) = preSolution
		Debug|Any CPU = Debug|Any CPU
		Release|Any CPU = Release|Any CPU
	EndGlobalSection
	GlobalSection(ProjectConfigurationPlatforms) = postSolution
		{381B0B47-66C8-456F-8BA6-73031AE9B0B6}.Debug|Any CPU.ActiveCfg = Debug|Any CPU
		{381B0B47-66C8-456F-8BA6-73031AE9B0B6}.Debug|Any CPU.Build.0 = Debug|Any CPU
		{381B0B47-66C8-456F-8BA6-73031AE9B0B6}.Release|Any CPU.ActiveCfg = Release|Any CPU
		{381B0B47-66C8-456F-8BA6-73031AE9B0B6}.Release|Any CPU.Build.0 = Release|Any CPU
	EndGlobalSection
	GlobalSection(SolutionProperties) = preSolution
		HideSolutionNode = FALSE
	EndGlobalSection
	GlobalSection(ExtensibilityGlobals) = postSolution
		SolutionGuid = {62C9E632-5978-4ECE-A4E8-1822C9454CB3}
	EndGlobalSection
EndGlobal
